Microsoft Visual Studio Solution File, Format Version 12.00
# Visual Studio 15
VisualStudioVersion = 15.0.27428.2027
MinimumVisualStudioVersion = 10.0.40219.1
Project("{8BC9CEB8-8B4A-11D0-8D11-00A0C91BC942}") = "BlinkDesktop", "src\BlinkDesktop\BlinkDesktop.vcxproj", "{04A5CAA2-D1F1-31D1-833F-BB3D9FD8C93E}"
	ProjectSection(ProjectDependencies) = postProject
		{9E222A81-FCE5-3B56-A7BD-C91172D36ACE} = {9E222A81-FCE5-3B56-A7BD-C91172D36ACE}
	EndProjectSection
EndProject
Project("{8BC9CEB8-8B4A-11D0-8D11-00A0C91BC942}") = "libcef_dll_wrapper", "src\libcef_dll_wrapper\libcef_dll_wrapper.vcxproj", "{9E222A81-FCE5-3B56-A7BD-C91172D36ACE}"
EndProject
Project("{2150E333-8FDC-42A3-9474-1A3956D46DE8}") = "Libraries", "Libraries", "{6B697E99-6D10-4723-9C4E-71338D08D49A}"
EndProject
Global
	GlobalSection(SolutionConfigurationPlatforms) = preSolution
		Debug|Win32 = Debug|Win32
		Release|Win32 = Release|Win32
	EndGlobalSection
	GlobalSection(ProjectConfigurationPlatforms) = postSolution
		{04A5CAA2-D1F1-31D1-833F-BB3D9FD8C93E}.Debug|Win32.ActiveCfg = Debug|Win32
		{04A5CAA2-D1F1-31D1-833F-BB3D9FD8C93E}.Debug|Win32.Build.0 = Debug|Win32
		{04A5CAA2-D1F1-31D1-833F-BB3D9FD8C93E}.Release|Win32.ActiveCfg = Release|Win32
		{04A5CAA2-D1F1-31D1-833F-BB3D9FD8C93E}.Release|Win32.Build.0 = Release|Win32
		{9E222A81-FCE5-3B56-A7BD-C91172D36ACE}.Debug|Win32.ActiveCfg = Debug|Win32
		{9E222A81-FCE5-3B56-A7BD-C91172D36ACE}.Debug|Win32.Build.0 = Debug|Win32
		{9E222A81-FCE5-3B56-A7BD-C91172D36ACE}.Release|Win32.ActiveCfg = Release|Win32
		{9E222A81-FCE5-3B56-A7BD-C91172D36ACE}.Release|Win32.Build.0 = Release|Win32
	EndGlobalSection
	GlobalSection(SolutionProperties) = preSolution
		HideSolutionNode = FALSE
	EndGlobalSection
	GlobalSection(NestedProjects) = preSolution
		{9E222A81-FCE5-3B56-A7BD-C91172D36ACE} = {6B697E99-6D10-4723-9C4E-71338D08D49A}
	EndGlobalSection
	GlobalSection(ExtensibilityGlobals) = postSolution
		SolutionGuid = {33449E45-7E9E-3C06-BA29-C08A9CDD0F39}
	EndGlobalSection
EndGlobal
