Microsoft Visual Studio Solution File, Format Version 12.00
# Visual Studio 15
VisualStudioVersion = 15.0.27130.2036
MinimumVisualStudioVersion = 10.0.40219.1
Project("{8BC9CEB8-8B4A-11D0-8D11-00A0C91BC942}") = "DesktopApp", "src\DesktopApp\DesktopApp.vcxproj", "{4625EB79-3302-4D1D-9CFB-6A51DC925BCF}"
EndProject
Project("{2150E333-8FDC-42A3-9474-1A3956D46DE8}") = "Libraries", "Libraries", "{6B697E99-6D10-4723-9C4E-71338D08D49A}"
EndProject
Project("{8BC9CEB8-8B4A-11D0-8D11-00A0C91BC942}") = "DesktopCore", "src\DesktopCore\DesktopCore.vcxproj", "{F82C7792-4DCA-4682-8265-617A67AC6C9F}"
EndProject
Project("{F184B08F-C81C-45F6-A57F-5ABD9991F28F}") = "DesktopInstaller", "src\DesktopInstaller\DesktopInstaller.vbproj", "{620BA895-A366-46BD-9013-8DAF4BD7D438}"
	ProjectSection(ProjectDependencies) = postProject
		{96C34327-1B78-469F-8887-96DF13A27842} = {96C34327-1B78-469F-8887-96DF13A27842}
		{4625EB79-3302-4D1D-9CFB-6A51DC925BCF} = {4625EB79-3302-4D1D-9CFB-6A51DC925BCF}
	EndProjectSection
EndProject
Project("{8BC9CEB8-8B4A-11D0-8D11-00A0C91BC942}") = "DesktopAppW7", "src\DesktopAppW7\DesktopAppW7.vcxproj", "{96C34327-1B78-469F-8887-96DF13A27842}"
EndProject
Global
	GlobalSection(SolutionConfigurationPlatforms) = preSolution
		Debug|Win32 = Debug|Win32
		Debug|x64 = Debug|x64
		Release|Win32 = Release|Win32
		Release|x64 = Release|x64
		Unicode Debug|Win32 = Unicode Debug|Win32
		Unicode Debug|x64 = Unicode Debug|x64
		Unicode Release|Win32 = Unicode Release|Win32
		Unicode Release|x64 = Unicode Release|x64
	EndGlobalSection
	GlobalSection(ProjectConfigurationPlatforms) = postSolution
		{4625EB79-3302-4D1D-9CFB-6A51DC925BCF}.Debug|Win32.ActiveCfg = Debug|Win32
		{4625EB79-3302-4D1D-9CFB-6A51DC925BCF}.Debug|Win32.Build.0 = Debug|Win32
		{4625EB79-3302-4D1D-9CFB-6A51DC925BCF}.Debug|x64.ActiveCfg = Debug|Win32
		{4625EB79-3302-4D1D-9CFB-6A51DC925BCF}.Release|Win32.ActiveCfg = Release|Win32
		{4625EB79-3302-4D1D-9CFB-6A51DC925BCF}.Release|Win32.Build.0 = Release|Win32
		{4625EB79-3302-4D1D-9CFB-6A51DC925BCF}.Release|x64.ActiveCfg = Release|Win32
		{4625EB79-3302-4D1D-9CFB-6A51DC925BCF}.Unicode Debug|Win32.ActiveCfg = Unicode Debug|Win32
		{4625EB79-3302-4D1D-9CFB-6A51DC925BCF}.Unicode Debug|Win32.Build.0 = Unicode Debug|Win32
		{4625EB79-3302-4D1D-9CFB-6A51DC925BCF}.Unicode Debug|x64.ActiveCfg = Unicode Debug|x64
		{4625EB79-3302-4D1D-9CFB-6A51DC925BCF}.Unicode Debug|x64.Build.0 = Unicode Debug|x64
		{4625EB79-3302-4D1D-9CFB-6A51DC925BCF}.Unicode Release|Win32.ActiveCfg = Unicode Release|Win32
		{4625EB79-3302-4D1D-9CFB-6A51DC925BCF}.Unicode Release|Win32.Build.0 = Unicode Release|Win32
		{4625EB79-3302-4D1D-9CFB-6A51DC925BCF}.Unicode Release|x64.ActiveCfg = Unicode Release|x64
		{4625EB79-3302-4D1D-9CFB-6A51DC925BCF}.Unicode Release|x64.Build.0 = Unicode Release|x64
		{F82C7792-4DCA-4682-8265-617A67AC6C9F}.Debug|Win32.ActiveCfg = Debug|Win32
		{F82C7792-4DCA-4682-8265-617A67AC6C9F}.Debug|Win32.Build.0 = Debug|Win32
		{F82C7792-4DCA-4682-8265-617A67AC6C9F}.Debug|x64.ActiveCfg = Debug|x64
		{F82C7792-4DCA-4682-8265-617A67AC6C9F}.Debug|x64.Build.0 = Debug|x64
		{F82C7792-4DCA-4682-8265-617A67AC6C9F}.Release|Win32.ActiveCfg = Release|Win32
		{F82C7792-4DCA-4682-8265-617A67AC6C9F}.Release|Win32.Build.0 = Release|Win32
		{F82C7792-4DCA-4682-8265-617A67AC6C9F}.Release|x64.ActiveCfg = Release|x64
		{F82C7792-4DCA-4682-8265-617A67AC6C9F}.Release|x64.Build.0 = Release|x64
		{F82C7792-4DCA-4682-8265-617A67AC6C9F}.Unicode Debug|Win32.ActiveCfg = Debug|Win32
		{F82C7792-4DCA-4682-8265-617A67AC6C9F}.Unicode Debug|Win32.Build.0 = Debug|Win32
		{F82C7792-4DCA-4682-8265-617A67AC6C9F}.Unicode Debug|Win32.Deploy.0 = Debug|Win32
		{F82C7792-4DCA-4682-8265-617A67AC6C9F}.Unicode Debug|x64.ActiveCfg = Debug|x64
		{F82C7792-4DCA-4682-8265-617A67AC6C9F}.Unicode Debug|x64.Build.0 = Debug|x64
		{F82C7792-4DCA-4682-8265-617A67AC6C9F}.Unicode Debug|x64.Deploy.0 = Debug|x64
		{F82C7792-4DCA-4682-8265-617A67AC6C9F}.Unicode Release|Win32.ActiveCfg = Release|Win32
		{F82C7792-4DCA-4682-8265-617A67AC6C9F}.Unicode Release|Win32.Build.0 = Release|Win32
		{F82C7792-4DCA-4682-8265-617A67AC6C9F}.Unicode Release|Win32.Deploy.0 = Release|Win32
		{F82C7792-4DCA-4682-8265-617A67AC6C9F}.Unicode Release|x64.ActiveCfg = Release|x64
		{F82C7792-4DCA-4682-8265-617A67AC6C9F}.Unicode Release|x64.Build.0 = Release|x64
		{F82C7792-4DCA-4682-8265-617A67AC6C9F}.Unicode Release|x64.Deploy.0 = Release|x64
		{620BA895-A366-46BD-9013-8DAF4BD7D438}.Debug|Win32.ActiveCfg = Debug|Win32
		{620BA895-A366-46BD-9013-8DAF4BD7D438}.Debug|Win32.Build.0 = Debug|Win32
		{620BA895-A366-46BD-9013-8DAF4BD7D438}.Debug|x64.ActiveCfg = Debug|Win32
		{620BA895-A366-46BD-9013-8DAF4BD7D438}.Release|Win32.ActiveCfg = Release|Win32
		{620BA895-A366-46BD-9013-8DAF4BD7D438}.Release|Win32.Build.0 = Release|Win32
		{620BA895-A366-46BD-9013-8DAF4BD7D438}.Release|x64.ActiveCfg = Release|Win32
		{620BA895-A366-46BD-9013-8DAF4BD7D438}.Unicode Debug|Win32.ActiveCfg = Debug|Win32
		{620BA895-A366-46BD-9013-8DAF4BD7D438}.Unicode Debug|x64.ActiveCfg = Release|Win32
		{620BA895-A366-46BD-9013-8DAF4BD7D438}.Unicode Release|Win32.ActiveCfg = Release|Win32
		{620BA895-A366-46BD-9013-8DAF4BD7D438}.Unicode Release|x64.ActiveCfg = Release|Win32
		{96C34327-1B78-469F-8887-96DF13A27842}.Debug|Win32.ActiveCfg = Debug|Win32
		{96C34327-1B78-469F-8887-96DF13A27842}.Debug|Win32.Build.0 = Debug|Win32
		{96C34327-1B78-469F-8887-96DF13A27842}.Debug|x64.ActiveCfg = Debug|x64
		{96C34327-1B78-469F-8887-96DF13A27842}.Debug|x64.Build.0 = Debug|x64
		{96C34327-1B78-469F-8887-96DF13A27842}.Release|Win32.ActiveCfg = Release|Win32
		{96C34327-1B78-469F-8887-96DF13A27842}.Release|Win32.Build.0 = Release|Win32
		{96C34327-1B78-469F-8887-96DF13A27842}.Release|x64.ActiveCfg = Release|x64
		{96C34327-1B78-469F-8887-96DF13A27842}.Release|x64.Build.0 = Release|x64
		{96C34327-1B78-469F-8887-96DF13A27842}.Unicode Debug|Win32.ActiveCfg = Unicode Debug|Win32
		{96C34327-1B78-469F-8887-96DF13A27842}.Unicode Debug|Win32.Build.0 = Unicode Debug|Win32
		{96C34327-1B78-469F-8887-96DF13A27842}.Unicode Debug|x64.ActiveCfg = Unicode Debug|x64
		{96C34327-1B78-469F-8887-96DF13A27842}.Unicode Debug|x64.Build.0 = Unicode Debug|x64
		{96C34327-1B78-469F-8887-96DF13A27842}.Unicode Release|Win32.ActiveCfg = Unicode Release|Win32
		{96C34327-1B78-469F-8887-96DF13A27842}.Unicode Release|Win32.Build.0 = Unicode Release|Win32
		{96C34327-1B78-469F-8887-96DF13A27842}.Unicode Release|x64.ActiveCfg = Unicode Release|x64
		{96C34327-1B78-469F-8887-96DF13A27842}.Unicode Release|x64.Build.0 = Unicode Release|x64
	EndGlobalSection
	GlobalSection(SolutionProperties) = preSolution
		HideSolutionNode = FALSE
	EndGlobalSection
	GlobalSection(NestedProjects) = preSolution
		{F82C7792-4DCA-4682-8265-617A67AC6C9F} = {6B697E99-6D10-4723-9C4E-71338D08D49A}
	EndGlobalSection
	GlobalSection(ExtensibilityGlobals) = postSolution
		SolutionGuid = {33449E45-7E9E-3C06-BA29-C08A9CDD0F39}
	EndGlobalSection
EndGlobal
