<?xml version="1.0" encoding="utf-8"?>
<Project ToolsVersion="4.0" xmlns="http://schemas.microsoft.com/developer/msbuild/2003">
  <ItemGroup>
    <ClCompile Include="$(SolutionDir)src\BlinkApp\simple_app.cc" />
    <ClCompile Include="$(SolutionDir)src\BlinkApp\simple_handler.cc" />
    <ClCompile Include="$(SolutionDir)src\BlinkApp\BlinkApp_win.cc" />
    <ClCompile Include="$(SolutionDir)src\BlinkApp\simple_handler_win.cc" />
    <ClCompile Include="Agents\NotificationAgent.cpp">
      <Filter>Agents</Filter>
    </ClCompile>
    <ClCompile Include="Toast\ToastEventHandler.cpp">
      <Filter>Toast</Filter>
    </ClCompile>
    <ClCompile Include="stdafx.cpp" />
  </ItemGroup>
  <ItemGroup>
    <ClInclude Include="$(SolutionDir)src\BlinkApp\simple_app.h" />
    <ClInclude Include="$(SolutionDir)src\BlinkApp\simple_handler.h" />
    <ClInclude Include="$(SolutionDir)src\BlinkApp\resource.h" />
    <ClInclude Include="Agents\NotificationAgent.h">
      <Filter>Agents</Filter>
    </ClInclude>
    <ClInclude Include="Toast\StringReferenceWrapper.h">
      <Filter>Toast</Filter>
    </ClInclude>
    <ClInclude Include="Toast\ToastEventHandler.h">
      <Filter>Toast</Filter>
    </ClInclude>
    <ClInclude Include="stdafx.h" />
  </ItemGroup>
  <ItemGroup>
    <ResourceCompile Include="$(SolutionDir)src\BlinkApp\BlinkApp.rc" />
  </ItemGroup>
  <ItemGroup>
    <None Include="$(SolutionDir)src\BlinkApp\res\BlinkApp.ico" />
    <None Include="$(SolutionDir)src\BlinkApp\res\small.ico" />
  </ItemGroup>
  <ItemGroup>
    <Filter Include="Agents">
      <UniqueIdentifier>{298f527a-367e-4f99-b4cb-c1df38cafd18}</UniqueIdentifier>
    </Filter>
    <Filter Include="Toast">
      <UniqueIdentifier>{1dc8319d-6a0e-4f48-a648-068b36ee257b}</UniqueIdentifier>
    </Filter>
  </ItemGroup>
</Project>