<?xml version="1.0" encoding="utf-8"?>
<Project ToolsVersion="4.0" xmlns="http://schemas.microsoft.com/developer/msbuild/2003">
  <ItemGroup>
    <Filter Include="Upgrade">
      <UniqueIdentifier>{ede35d5b-6321-46b7-96b4-2b6de4ac8227}</UniqueIdentifier>
    </Filter>
    <Filter Include="Upgrade\Agents">
      <UniqueIdentifier>{63af12fd-e311-4203-92a3-846af6c08c77}</UniqueIdentifier>
    </Filter>
    <Filter Include="Network">
      <UniqueIdentifier>{66d1b0ad-26de-4348-abbf-6abb5d6b2540}</UniqueIdentifier>
    </Filter>
    <Filter Include="Network\Services">
      <UniqueIdentifier>{b69be685-64eb-4c8f-aaad-fd4e1c0a8f23}</UniqueIdentifier>
    </Filter>
    <Filter Include="System">
      <UniqueIdentifier>{9c0120ab-b6e6-4c3d-98b7-7d4f98f294fc}</UniqueIdentifier>
    </Filter>
    <Filter Include="System\Services">
      <UniqueIdentifier>{13bcba03-cc4d-474b-b34e-5b71d2003a9e}</UniqueIdentifier>
    </Filter>
    <Filter Include="Utils">
      <UniqueIdentifier>{a140cbd4-12cb-49b2-8b53-54533363f010}</UniqueIdentifier>
    </Filter>
    <Filter Include="Utils\Patterns">
      <UniqueIdentifier>{93d8f462-44ac-4e07-9914-e5aaf26ba4b7}</UniqueIdentifier>
    </Filter>
    <Filter Include="Utils\Patterns\PublisherSubscriber">
      <UniqueIdentifier>{bd7e9259-dd7a-4337-ba7d-8a1960c286c0}</UniqueIdentifier>
    </Filter>
    <Filter Include="Model">
      <UniqueIdentifier>{36bb02bb-08e4-4ad1-814c-14c9eb277a8b}</UniqueIdentifier>
    </Filter>
    <Filter Include="Blink">
      <UniqueIdentifier>{067a6ef2-903e-48df-9fd9-5a94b69d39e9}</UniqueIdentifier>
    </Filter>
    <Filter Include="Blink\Agents">
      <UniqueIdentifier>{3f227f18-e04b-46a6-9195-f7783bfc8ceb}</UniqueIdentifier>
    </Filter>
    <Filter Include="Network\Model">
      <UniqueIdentifier>{75644b66-b126-48fc-890c-9ea92211a343}</UniqueIdentifier>
    </Filter>
    <Filter Include="Blink\Services">
      <UniqueIdentifier>{aa5fd162-3479-4f9a-a232-6cd7fc883343}</UniqueIdentifier>
    </Filter>
  </ItemGroup>
  <ItemGroup>
    <ClCompile Include="Upgrade\Agents\UpgradeViewerAgent.cpp">
      <Filter>Upgrade\Agents</Filter>
    </ClCompile>
    <ClCompile Include="DesktopCore.cpp" />
    <ClCompile Include="DesktopContext.cpp" />
    <ClCompile Include="Network\Services\HTTPClientService.cpp">
      <Filter>Network\Services</Filter>
    </ClCompile>
    <ClCompile Include="System\Services\CompressionService.cpp">
      <Filter>System\Services</Filter>
    </ClCompile>
    <ClCompile Include="Utils\Patterns\PublisherSubscriber\Broker.cpp">
      <Filter>Utils\Patterns\PublisherSubscriber</Filter>
    </ClCompile>
    <ClCompile Include="Utils\Patterns\PublisherSubscriber\Subscriber.cpp">
      <Filter>Utils\Patterns\PublisherSubscriber</Filter>
    </ClCompile>
    <ClCompile Include="Network\Services\DownloadFileService.cpp">
      <Filter>Network\Services</Filter>
    </ClCompile>
    <ClCompile Include="Network\Services\ParseURIService.cpp">
      <Filter>Network\Services</Filter>
    </ClCompile>
    <ClCompile Include="System\Services\FileIOService.cpp">
      <Filter>System\Services</Filter>
    </ClCompile>
    <ClCompile Include="System\Services\ReplaceFolderService.cpp">
      <Filter>System\Services</Filter>
    </ClCompile>
    <ClCompile Include="System\Services\EncodeStringService.cpp">
      <Filter>System\Services</Filter>
    </ClCompile>
    <ClCompile Include="System\Services\FileInfoService.cpp">
      <Filter>System\Services</Filter>
    </ClCompile>
    <ClCompile Include="Blink\Agents\SyncVideoAgent.cpp">
      <Filter>Blink\Agents</Filter>
    </ClCompile>
    <ClCompile Include="System\Services\ApplicationDataService.cpp">
      <Filter>System\Services</Filter>
    </ClCompile>
    <ClCompile Include="System\Services\CopyFolderService.cpp">
      <Filter>System\Services</Filter>
    </ClCompile>
    <ClCompile Include="System\Services\IniFileService.cpp">
      <Filter>System\Services</Filter>
    </ClCompile>
    <ClCompile Include="Blink\Agents\SyncThumbnailAgent.cpp">
      <Filter>Blink\Agents</Filter>
    </ClCompile>
    <ClCompile Include="System\Services\TimestampFolderService.cpp">
      <Filter>System\Services</Filter>
    </ClCompile>
    <ClCompile Include="Blink\Agents\SaveTokenAgent.cpp">
      <Filter>Blink\Agents</Filter>
    </ClCompile>
    <ClCompile Include="System\Services\CrashReportService.cpp">
      <Filter>System\Services</Filter>
    </ClCompile>
    <ClCompile Include="Blink\Agents\ActivityAgent.cpp">
      <Filter>Blink\Agents</Filter>
    </ClCompile>
    <ClCompile Include="System\Services\TimeZoneService.cpp">
      <Filter>System\Services</Filter>
    </ClCompile>
    <ClCompile Include="Upgrade\Agents\UpgradeDesktopAgent.cpp">
      <Filter>Upgrade\Agents</Filter>
    </ClCompile>
  </ItemGroup>
  <ItemGroup>
    <ClInclude Include="Upgrade\Agents\UpgradeViewerAgent.h">
      <Filter>Upgrade\Agents</Filter>
    </ClInclude>
    <ClInclude Include="DesktopCore.h" />
    <ClInclude Include="DesktopContext.h" />
    <ClInclude Include="Network\Services\HTTPClientService.h">
      <Filter>Network\Services</Filter>
    </ClInclude>
    <ClInclude Include="System\Services\CompressionService.h">
      <Filter>System\Services</Filter>
    </ClInclude>
    <ClInclude Include="Utils\Patterns\PublisherSubscriber\Broker.h">
      <Filter>Utils\Patterns\PublisherSubscriber</Filter>
    </ClInclude>
    <ClInclude Include="Utils\Patterns\PublisherSubscriber\Event.h">
      <Filter>Utils\Patterns\PublisherSubscriber</Filter>
    </ClInclude>
    <ClInclude Include="Utils\Patterns\PublisherSubscriber\Subscriber.h">
      <Filter>Utils\Patterns\PublisherSubscriber</Filter>
    </ClInclude>
    <ClInclude Include="Upgrade\Events.h">
      <Filter>Upgrade</Filter>
    </ClInclude>
    <ClInclude Include="Model\Notification.h">
      <Filter>Model</Filter>
    </ClInclude>
    <ClInclude Include="Network\Services\DownloadFileService.h">
      <Filter>Network\Services</Filter>
    </ClInclude>
    <ClInclude Include="Network\Services\ParseURIService.h">
      <Filter>Network\Services</Filter>
    </ClInclude>
    <ClInclude Include="System\Services\FileIOService.h">
      <Filter>System\Services</Filter>
    </ClInclude>
    <ClInclude Include="System\Services\ReplaceFolderService.h">
      <Filter>System\Services</Filter>
    </ClInclude>
    <ClInclude Include="Network\Services\IDownloadFileService.h">
      <Filter>Network\Services</Filter>
    </ClInclude>
    <ClInclude Include="System\Services\EncodeStringService.h">
      <Filter>System\Services</Filter>
    </ClInclude>
    <ClInclude Include="System\Services\FileInfoService.h">
      <Filter>System\Services</Filter>
    </ClInclude>
    <ClInclude Include="Network\Events.h">
      <Filter>Network</Filter>
    </ClInclude>
    <ClInclude Include="Blink\Agents\SyncVideoAgent.h">
      <Filter>Blink\Agents</Filter>
    </ClInclude>
    <ClInclude Include="Network\Model\Credentials.h">
      <Filter>Network\Model</Filter>
    </ClInclude>
    <ClInclude Include="System\Services\ApplicationDataService.h">
      <Filter>System\Services</Filter>
    </ClInclude>
    <ClInclude Include="System\Services\CopyFolderService.h">
      <Filter>System\Services</Filter>
    </ClInclude>
    <ClInclude Include="System\Services\IniFileService.h">
      <Filter>System\Services</Filter>
    </ClInclude>
    <ClInclude Include="Blink\Agents\SyncThumbnailAgent.h">
      <Filter>Blink\Agents</Filter>
    </ClInclude>
    <ClInclude Include="Model\IAgent.h">
      <Filter>Model</Filter>
    </ClInclude>
    <ClInclude Include="System\Services\TimestampFolderService.h">
      <Filter>System\Services</Filter>
    </ClInclude>
    <ClInclude Include="Blink\Agents\SaveTokenAgent.h">
      <Filter>Blink\Agents</Filter>
    </ClInclude>
    <ClInclude Include="System\Services\CrashReportService.h">
      <Filter>System\Services</Filter>
    </ClInclude>
    <ClInclude Include="Blink\Agents\ActivityAgent.h">
      <Filter>Blink\Agents</Filter>
    </ClInclude>
    <ClInclude Include="Blink\Services\IActivityNotificationService.h">
      <Filter>Blink\Services</Filter>
    </ClInclude>
    <ClInclude Include="System\Services\TimeZoneService.h">
      <Filter>System\Services</Filter>
    </ClInclude>
    <ClInclude Include="Upgrade\Agents\UpgradeDesktopAgent.h">
      <Filter>Upgrade\Agents</Filter>
    </ClInclude>
  </ItemGroup>
</Project>